
Microsoft Visual Studio Solution File, Format Version 12.00
# Visual Studio Version 16
VisualStudioVersion = 16.0.30413.136
MinimumVisualStudioVersion = 10.0.40219.1
Project("{F184B08F-C81C-45F6-A57F-5ABD9991F28F}") = "Presentation", "LoxusMedicineUsers\Presentation.vbproj", "{2D776E92-9371-4C40-ABAA-3424D94245C0}"
EndProject
Project("{F184B08F-C81C-45F6-A57F-5ABD9991F28F}") = "DataAccess", "Persistencia\DataAccess.vbproj", "{0471DF6A-5861-4156-B946-687CB7D85EED}"
EndProject
Project("{F184B08F-C81C-45F6-A57F-5ABD9991F28F}") = "Domain", "Dominio\Domain.vbproj", "{8CB3071A-BBE6-4132-8C57-F99BA05474F0}"
EndProject
Project("{F184B08F-C81C-45F6-A57F-5ABD9991F28F}") = "Common", "Common\Common.vbproj", "{B2F63061-4725-43DC-9C35-7F9B0EE0B4E2}"
EndProject
Project("{54435603-DBB4-11D2-8724-00A0C9A8B90C}") = "SetupLoxus", "SetupLoxus\SetupLoxus.vdproj", "{B340A961-9D45-423B-8960-21DF65047658}"
EndProject
Global
	GlobalSection(SolutionConfigurationPlatforms) = preSolution
		Debug|Any CPU = Debug|Any CPU
		Release|Any CPU = Release|Any CPU
	EndGlobalSection
	GlobalSection(ProjectConfigurationPlatforms) = postSolution
		{2D776E92-9371-4C40-ABAA-3424D94245C0}.Debug|Any CPU.ActiveCfg = Debug|Any CPU
		{2D776E92-9371-4C40-ABAA-3424D94245C0}.Debug|Any CPU.Build.0 = Debug|Any CPU
		{2D776E92-9371-4C40-ABAA-3424D94245C0}.Release|Any CPU.ActiveCfg = Release|Any CPU
		{2D776E92-9371-4C40-ABAA-3424D94245C0}.Release|Any CPU.Build.0 = Release|Any CPU
		{0471DF6A-5861-4156-B946-687CB7D85EED}.Debug|Any CPU.ActiveCfg = Debug|Any CPU
		{0471DF6A-5861-4156-B946-687CB7D85EED}.Debug|Any CPU.Build.0 = Debug|Any CPU
		{0471DF6A-5861-4156-B946-687CB7D85EED}.Release|Any CPU.ActiveCfg = Release|Any CPU
		{0471DF6A-5861-4156-B946-687CB7D85EED}.Release|Any CPU.Build.0 = Release|Any CPU
		{8CB3071A-BBE6-4132-8C57-F99BA05474F0}.Debug|Any CPU.ActiveCfg = Debug|Any CPU
		{8CB3071A-BBE6-4132-8C57-F99BA05474F0}.Debug|Any CPU.Build.0 = Debug|Any CPU
		{8CB3071A-BBE6-4132-8C57-F99BA05474F0}.Release|Any CPU.ActiveCfg = Release|Any CPU
		{8CB3071A-BBE6-4132-8C57-F99BA05474F0}.Release|Any CPU.Build.0 = Release|Any CPU
		{B2F63061-4725-43DC-9C35-7F9B0EE0B4E2}.Debug|Any CPU.ActiveCfg = Debug|Any CPU
		{B2F63061-4725-43DC-9C35-7F9B0EE0B4E2}.Debug|Any CPU.Build.0 = Debug|Any CPU
		{B2F63061-4725-43DC-9C35-7F9B0EE0B4E2}.Release|Any CPU.ActiveCfg = Release|Any CPU
		{B2F63061-4725-43DC-9C35-7F9B0EE0B4E2}.Release|Any CPU.Build.0 = Release|Any CPU
		{B340A961-9D45-423B-8960-21DF65047658}.Debug|Any CPU.ActiveCfg = Debug
		{B340A961-9D45-423B-8960-21DF65047658}.Release|Any CPU.ActiveCfg = Release
	EndGlobalSection
	GlobalSection(SolutionProperties) = preSolution
		HideSolutionNode = FALSE
	EndGlobalSection
	GlobalSection(ExtensibilityGlobals) = postSolution
		SolutionGuid = {3C221A7D-31F2-4D43-ABF5-AA492BFA6B0D}
	EndGlobalSection
EndGlobal
