
Microsoft Visual Studio Solution File, Format Version 12.00
# Visual Studio Version 16
VisualStudioVersion = 16.0.30413.136
MinimumVisualStudioVersion = 10.0.40219.1
Project("{F184B08F-C81C-45F6-A57F-5ABD9991F28F}") = "Presentacion", "Presentacion\Presentacion.vbproj", "{D28F8738-DC47-454E-82A4-0D0A97931B88}"
EndProject
Project("{F184B08F-C81C-45F6-A57F-5ABD9991F28F}") = "Dominio", "Dominio\Dominio.vbproj", "{5858A5CA-A35F-4BD1-8DA0-70A624D7DF36}"
EndProject
Project("{F184B08F-C81C-45F6-A57F-5ABD9991F28F}") = "Persistencia", "Persistencia\Persistencia.vbproj", "{75AAD39C-731E-4062-B81C-D8C6A2D1C12C}"
EndProject
Global
	GlobalSection(SolutionConfigurationPlatforms) = preSolution
		Debug|Any CPU = Debug|Any CPU
		Release|Any CPU = Release|Any CPU
	EndGlobalSection
	GlobalSection(ProjectConfigurationPlatforms) = postSolution
		{D28F8738-DC47-454E-82A4-0D0A97931B88}.Debug|Any CPU.ActiveCfg = Debug|Any CPU
		{D28F8738-DC47-454E-82A4-0D0A97931B88}.Debug|Any CPU.Build.0 = Debug|Any CPU
		{D28F8738-DC47-454E-82A4-0D0A97931B88}.Release|Any CPU.ActiveCfg = Release|Any CPU
		{D28F8738-DC47-454E-82A4-0D0A97931B88}.Release|Any CPU.Build.0 = Release|Any CPU
		{5858A5CA-A35F-4BD1-8DA0-70A624D7DF36}.Debug|Any CPU.ActiveCfg = Debug|Any CPU
		{5858A5CA-A35F-4BD1-8DA0-70A624D7DF36}.Debug|Any CPU.Build.0 = Debug|Any CPU
		{5858A5CA-A35F-4BD1-8DA0-70A624D7DF36}.Release|Any CPU.ActiveCfg = Release|Any CPU
		{5858A5CA-A35F-4BD1-8DA0-70A624D7DF36}.Release|Any CPU.Build.0 = Release|Any CPU
		{75AAD39C-731E-4062-B81C-D8C6A2D1C12C}.Debug|Any CPU.ActiveCfg = Debug|Any CPU
		{75AAD39C-731E-4062-B81C-D8C6A2D1C12C}.Debug|Any CPU.Build.0 = Debug|Any CPU
		{75AAD39C-731E-4062-B81C-D8C6A2D1C12C}.Release|Any CPU.ActiveCfg = Release|Any CPU
		{75AAD39C-731E-4062-B81C-D8C6A2D1C12C}.Release|Any CPU.Build.0 = Release|Any CPU
	EndGlobalSection
	GlobalSection(SolutionProperties) = preSolution
		HideSolutionNode = FALSE
	EndGlobalSection
	GlobalSection(ExtensibilityGlobals) = postSolution
		SolutionGuid = {AC80EF2E-669E-40C4-8962-12E901C06D1B}
	EndGlobalSection
EndGlobal
